Microsoft Visual Studio Solution File, Format Version 12.00
# Visual Studio Version 17
VisualStudioVersion = 17.5.2.0
MinimumVisualStudioVersion = 10.0.40219.1
Project("{FAE04EC0-301F-11D3-BF4B-00C04F79EFBC}") = "MaggiesPlaygroundApi", "MaggiesPlaygroundApi.csproj", "{77B63F48-787F-E296-CD8D-45AF9AE97146}"
EndProject
Global
	GlobalSection(SolutionConfigurationPlatforms) = preSolution
		Debug|Any CPU = Debug|Any CPU
		Release|Any CPU = Release|Any CPU
	EndGlobalSection
	GlobalSection(ProjectConfigurationPlatforms) = postSolution
		{77B63F48-787F-E296-CD8D-45AF9AE97146}.Debug|Any CPU.ActiveCfg = Debug|Any CPU
		{77B63F48-787F-E296-CD8D-45AF9AE97146}.Debug|Any CPU.Build.0 = Debug|Any CPU
		{77B63F48-787F-E296-CD8D-45AF9AE97146}.Release|Any CPU.ActiveCfg = Release|Any CPU
		{77B63F48-787F-E296-CD8D-45AF9AE97146}.Release|Any CPU.Build.0 = Release|Any CPU
	EndGlobalSection
	GlobalSection(SolutionProperties) = preSolution
		HideSolutionNode = FALSE
	EndGlobalSection
	GlobalSection(ExtensibilityGlobals) = postSolution
		SolutionGuid = {D165C426-2A4D-448B-91CC-225C635B016C}
	EndGlobalSection
EndGlobal
